
Microsoft Visual Studio Solution File, Format Version 12.00
# Visual Studio 15
VisualStudioVersion = 15.0.26430.15
MinimumVisualStudioVersion = 10.0.40219.1
Project("{8BC9CEB8-8B4A-11D0-8D11-00A0C91BC942}") = "Hivemind.Desktop", "Source\Hivemind\Hivemind.vcxproj", "{CA66A7E9-CB3A-4A3F-987B-35F68EDE9EF1}"
	ProjectSection(ProjectDependencies) = postProject
		{D1C8CF49-C927-4B47-AC0F-6E4695BBF677} = {D1C8CF49-C927-4B47-AC0F-6E4695BBF677}
	EndProjectSection
EndProject
Project("{8BC9CEB8-8B4A-11D0-8D11-00A0C91BC942}") = "Hivemind.Library", "Source\Hivemind.Library\Hivemind.Library.vcxproj", "{D1C8CF49-C927-4B47-AC0F-6E4695BBF677}"
EndProject
Project("{8BC9CEB8-8B4A-11D0-8D11-00A0C91BC942}") = "Hivemind.Library.Test", "Source\Hivemind.Library.Test\Hivemind.Library.Test.vcxproj", "{BF086ED2-566E-4ABF-B893-34170AECEE93}"
EndProject
Global
	GlobalSection(SolutionConfigurationPlatforms) = preSolution
		Debug|x64 = Debug|x64
		Debug|x86 = Debug|x86
		Release|x64 = Release|x64
		Release|x86 = Release|x86
	EndGlobalSection
	GlobalSection(ProjectConfigurationPlatforms) = postSolution
		{CA66A7E9-CB3A-4A3F-987B-35F68EDE9EF1}.Debug|x64.ActiveCfg = Debug|x64
		{CA66A7E9-CB3A-4A3F-987B-35F68EDE9EF1}.Debug|x64.Build.0 = Debug|x64
		{CA66A7E9-CB3A-4A3F-987B-35F68EDE9EF1}.Debug|x86.ActiveCfg = Debug|Win32
		{CA66A7E9-CB3A-4A3F-987B-35F68EDE9EF1}.Debug|x86.Build.0 = Debug|Win32
		{CA66A7E9-CB3A-4A3F-987B-35F68EDE9EF1}.Release|x64.ActiveCfg = Release|x64
		{CA66A7E9-CB3A-4A3F-987B-35F68EDE9EF1}.Release|x64.Build.0 = Release|x64
		{CA66A7E9-CB3A-4A3F-987B-35F68EDE9EF1}.Release|x86.ActiveCfg = Release|Win32
		{CA66A7E9-CB3A-4A3F-987B-35F68EDE9EF1}.Release|x86.Build.0 = Release|Win32
		{D1C8CF49-C927-4B47-AC0F-6E4695BBF677}.Debug|x64.ActiveCfg = Debug|x64
		{D1C8CF49-C927-4B47-AC0F-6E4695BBF677}.Debug|x64.Build.0 = Debug|x64
		{D1C8CF49-C927-4B47-AC0F-6E4695BBF677}.Debug|x86.ActiveCfg = Debug|Win32
		{D1C8CF49-C927-4B47-AC0F-6E4695BBF677}.Debug|x86.Build.0 = Debug|Win32
		{D1C8CF49-C927-4B47-AC0F-6E4695BBF677}.Release|x64.ActiveCfg = Release|x64
		{D1C8CF49-C927-4B47-AC0F-6E4695BBF677}.Release|x64.Build.0 = Release|x64
		{D1C8CF49-C927-4B47-AC0F-6E4695BBF677}.Release|x86.ActiveCfg = Release|Win32
		{D1C8CF49-C927-4B47-AC0F-6E4695BBF677}.Release|x86.Build.0 = Release|Win32
		{BF086ED2-566E-4ABF-B893-34170AECEE93}.Debug|x64.ActiveCfg = Debug|x64
		{BF086ED2-566E-4ABF-B893-34170AECEE93}.Debug|x64.Build.0 = Debug|x64
		{BF086ED2-566E-4ABF-B893-34170AECEE93}.Debug|x86.ActiveCfg = Debug|Win32
		{BF086ED2-566E-4ABF-B893-34170AECEE93}.Debug|x86.Build.0 = Debug|Win32
		{BF086ED2-566E-4ABF-B893-34170AECEE93}.Release|x64.ActiveCfg = Release|x64
		{BF086ED2-566E-4ABF-B893-34170AECEE93}.Release|x64.Build.0 = Release|x64
		{BF086ED2-566E-4ABF-B893-34170AECEE93}.Release|x86.ActiveCfg = Release|Win32
		{BF086ED2-566E-4ABF-B893-34170AECEE93}.Release|x86.Build.0 = Release|Win32
	EndGlobalSection
	GlobalSection(SolutionProperties) = preSolution
		HideSolutionNode = FALSE
	EndGlobalSection
	GlobalSection(Performance) = preSolution
		HasPerformanceSessions = true
	EndGlobalSection
EndGlobal
