<?xml version="1.0" encoding="utf-8"?>
<Project ToolsVersion="4.0" xmlns="http://schemas.microsoft.com/developer/msbuild/2003">
  <ItemGroup>
    <Filter Include="Source Files">
      <UniqueIdentifier>{4FC737F1-C7A5-4376-A066-2A32D752A2FF}</UniqueIdentifier>
      <Extensions>cpp;c;cc;cxx;def;odl;idl;hpj;bat;asm;asmx</Extensions>
    </Filter>
    <Filter Include="Header Files">
      <UniqueIdentifier>{93995380-89BD-4b04-88EB-625FBE52EBFB}</UniqueIdentifier>
      <Extensions>h;hh;hpp;hxx;hm;inl;inc;xsd</Extensions>
    </Filter>
    <Filter Include="Resource Files">
      <UniqueIdentifier>{67DA6AB6-F800-4c08-8B7A-83BB121AAD01}</UniqueIdentifier>
      <Extensions>rc;ico;cur;bmp;dlg;rc2;rct;bin;rgs;gif;jpg;jpeg;jpe;resx;tiff;tif;png;wav;mfcribbon-ms</Extensions>
    </Filter>
  </ItemGroup>
  <ItemGroup>
    <Text Include="ReadMe.txt" />
  </ItemGroup>
  <ItemGroup>
    <ClInclude Include="pch.h">
      <Filter>Header Files</Filter>
    </ClInclude>
    <ClInclude Include="Bee.h">
      <Filter>Header Files</Filter>
    </ClInclude>
    <ClInclude Include="BeeManager.h">
      <Filter>Header Files</Filter>
    </ClInclude>
    <ClInclude Include="FoodSource.h">
      <Filter>Header Files</Filter>
    </ClInclude>
    <ClInclude Include="FoodSourceManager.h">
      <Filter>Header Files</Filter>
    </ClInclude>
    <ClInclude Include="Entity.h">
      <Filter>Header Files</Filter>
    </ClInclude>
    <ClInclude Include="Hive.h">
      <Filter>Header Files</Filter>
    </ClInclude>
    <ClInclude Include="HiveManager.h">
      <Filter>Header Files</Filter>
    </ClInclude>
    <ClInclude Include="OnlookerBee.h">
      <Filter>Header Files</Filter>
    </ClInclude>
    <ClInclude Include="EmployedBee.h">
      <Filter>Header Files</Filter>
    </ClInclude>
    <ClInclude Include="FlowField.h">
      <Filter>Header Files</Filter>
    </ClInclude>
    <ClInclude Include="PerlinNoise.h">
      <Filter>Header Files</Filter>
    </ClInclude>
    <ClInclude Include="QueenBee.h">
      <Filter>Header Files</Filter>
    </ClInclude>
    <ClInclude Include="Drone.h">
      <Filter>Header Files</Filter>
    </ClInclude>
    <ClInclude Include="Guard.h">
      <Filter>Header Files</Filter>
    </ClInclude>
    <ClInclude Include="Larva.h">
      <Filter>Header Files</Filter>
    </ClInclude>
  </ItemGroup>
  <ItemGroup>
    <ClCompile Include="Hivemind.cpp">
      <Filter>Source Files</Filter>
    </ClCompile>
    <ClCompile Include="pch.cpp">
      <Filter>Source Files</Filter>
    </ClCompile>
    <ClCompile Include="Bee.cpp">
      <Filter>Source Files</Filter>
    </ClCompile>
    <ClCompile Include="BeeManager.cpp">
      <Filter>Source Files</Filter>
    </ClCompile>
    <ClCompile Include="FoodSource.cpp">
      <Filter>Source Files</Filter>
    </ClCompile>
    <ClCompile Include="FoodSourceManager.cpp">
      <Filter>Source Files</Filter>
    </ClCompile>
    <ClCompile Include="Entity.cpp">
      <Filter>Source Files</Filter>
    </ClCompile>
    <ClCompile Include="Hive.cpp">
      <Filter>Source Files</Filter>
    </ClCompile>
    <ClCompile Include="HiveManager.cpp">
      <Filter>Source Files</Filter>
    </ClCompile>
    <ClCompile Include="OnlookerBee.cpp">
      <Filter>Source Files</Filter>
    </ClCompile>
    <ClCompile Include="EmployedBee.cpp">
      <Filter>Source Files</Filter>
    </ClCompile>
    <ClCompile Include="FlowField.cpp">
      <Filter>Source Files</Filter>
    </ClCompile>
    <ClCompile Include="PerlinNoise.cpp">
      <Filter>Source Files</Filter>
    </ClCompile>
    <ClCompile Include="QueenBee.cpp">
      <Filter>Source Files</Filter>
    </ClCompile>
    <ClCompile Include="Drone.cpp">
      <Filter>Source Files</Filter>
    </ClCompile>
    <ClCompile Include="Guard.cpp">
      <Filter>Source Files</Filter>
    </ClCompile>
    <ClCompile Include="Larva.cpp">
      <Filter>Source Files</Filter>
    </ClCompile>
  </ItemGroup>
</Project>